
Microsoft Visual Studio Solution File, Format Version 12.00
# Visual Studio Version 16
VisualStudioVersion = 16.0.30804.86
MinimumVisualStudioVersion = 10.0.40219.1
Project("{FAE04EC0-301F-11D3-BF4B-00C04F79EFBC}") = "BlazorApp2", "BlazorApp2\BlazorApp2.csproj", "{53423729-2C91-4C7A-976E-568D381EA606}"
EndProject
Project("{13B669BE-BB05-4DDF-9536-439F39A36129}") = "PhpLibrary", "PhpLibrary\PhpLibrary.msbuildproj", "{0A52776C-EB96-46BA-9763-712DBA0B8034}"
EndProject
Global
	GlobalSection(SolutionConfigurationPlatforms) = preSolution
		Debug|Any CPU = Debug|Any CPU
		Release|Any CPU = Release|Any CPU
	EndGlobalSection
	GlobalSection(ProjectConfigurationPlatforms) = postSolution
		{53423729-2C91-4C7A-976E-568D381EA606}.Debug|Any CPU.ActiveCfg = Debug|Any CPU
		{53423729-2C91-4C7A-976E-568D381EA606}.Debug|Any CPU.Build.0 = Debug|Any CPU
		{53423729-2C91-4C7A-976E-568D381EA606}.Release|Any CPU.ActiveCfg = Release|Any CPU
		{53423729-2C91-4C7A-976E-568D381EA606}.Release|Any CPU.Build.0 = Release|Any CPU
		{0A52776C-EB96-46BA-9763-712DBA0B8034}.Debug|Any CPU.ActiveCfg = Debug|Any CPU
		{0A52776C-EB96-46BA-9763-712DBA0B8034}.Debug|Any CPU.Build.0 = Debug|Any CPU
		{0A52776C-EB96-46BA-9763-712DBA0B8034}.Release|Any CPU.ActiveCfg = Release|Any CPU
		{0A52776C-EB96-46BA-9763-712DBA0B8034}.Release|Any CPU.Build.0 = Release|Any CPU
	EndGlobalSection
	GlobalSection(SolutionProperties) = preSolution
		HideSolutionNode = FALSE
	EndGlobalSection
	GlobalSection(ExtensibilityGlobals) = postSolution
		SolutionGuid = {BC4C61FD-0F5D-4CF3-AA98-5DFD03CE0928}
	EndGlobalSection
EndGlobal
